
Microsoft Visual Studio Solution File, Format Version 12.00
# Visual Studio Version 17
VisualStudioVersion = 17.5.002.0
MinimumVisualStudioVersion = 10.0.40219.1
Project("{9A19103F-16F7-4668-BE54-9A1E7A4F7556}") = "basic_face_detection", "basic_face_detection.csproj", "{1E10CD5A-E9CF-4D06-BF58-9995CBD70EA4}"
EndProject
Global
	GlobalSection(SolutionConfigurationPlatforms) = preSolution
		Debug|Any CPU = Debug|Any CPU
		Release|Any CPU = Release|Any CPU
	EndGlobalSection
	GlobalSection(ProjectConfigurationPlatforms) = postSolution
		{1E10CD5A-E9CF-4D06-BF58-9995CBD70EA4}.Debug|Any CPU.ActiveCfg = Debug|Any CPU
		{1E10CD5A-E9CF-4D06-BF58-9995CBD70EA4}.Debug|Any CPU.Build.0 = Debug|Any CPU
		{1E10CD5A-E9CF-4D06-BF58-9995CBD70EA4}.Release|Any CPU.ActiveCfg = Release|Any CPU
		{1E10CD5A-E9CF-4D06-BF58-9995CBD70EA4}.Release|Any CPU.Build.0 = Release|Any CPU
	EndGlobalSection
	GlobalSection(SolutionProperties) = preSolution
		HideSolutionNode = FALSE
	EndGlobalSection
	GlobalSection(ExtensibilityGlobals) = postSolution
		SolutionGuid = {2DCC2D9A-ECE4-4851-81A6-FF0CBDB6138C}
	EndGlobalSection
EndGlobal
